<Solution>
  <Folder Name="/.github/">
    <File Path=".github/workflows/ci.yml" />
  </Folder>

  <Folder Name="/build/">
    <Project Path="Build.fsproj" Type="Classic F#" />
  </Folder>
  <Folder Name="/misc/">
    <File Path="README.md" />
  </Folder>
  <Folder Name="/src/">
    <Project Path="Partas.Solid.UI\Partas.Solid.UI.fsproj" Type="Classic F#" />
  </Folder>
</Solution>
